ewogICJuYW1lIjogImFpLWdvdmVybm1lbnQtbGV0dGVyLWFzc2lzdGFudCIsCiAgInZlcnNpb24iOiAiMS4wLjAiLAogICJsb2NrZmlsZVZlcnNpb24iOiAzLAogICJyZXF1aXJlcyI6IHRydWUsCiAgInBhY2thZ2VzIjogewogICAgIiI6IHsKICAgICAgIm5hbWUiOiAiYWktZ292ZXJubWVudC1sZXR0ZXItYXNzaXN0YW50IiwKICAgICAgInZlcnNpb24iOiAiMS4wLjAiLAogICAgICAiZGVwZW5kZW5jaWVzIjogewogICAgICAgICJAdml0ZWpzL3BsdWdpbi1yZWFjdCI6ICI0LjMuNCIsCiAgICAgICAgImx1Y2lkZS1yZWFjdCI6ICIwLjQ2OC4wIiwKICAgICAgICAibWFtbW90aCI6ICIxLjkuMCIsCiAgICAgICAgInBkZmpzLWRpc3QiOiAiNC4xMC4zOCIsCiAgICAgICAgInJlYWN0IjogIjE4LjMuMSIsCiAgICAgICAgInJlYWN0LWRvbSI6ICIxOC4zLjEiLAogICAgICAgICJ2aXRlIjogIjUuNC4xNCIKICAgICAgfSwKICAgICAgImRldkRlcGVuZGVuY2llcyI6IHsKICAgICAgICAiYXV0b3ByZWZpeGVyIjogIjEwLjQuMjAiLAogICAgICAgICJwb3N0Y3NzIjogIjguNC40OSIsCiAgICAgICAgInRhaWx3aW5kY3NzIjogIjMuNC4xNyIKICAgICAgfQogICAgfSwKICAgICJub2RlX21vZHVsZXMvQGFsbG9jL3F1aWNrLWxydSI6IHsKICAgICAgInZlcnNpb24iOiAiNS4yLjAiLAogICAgICAicmVzb2x2ZWQiOiAiaHR0cHM6Ly9yZWdpc3RyeS5ucG1qcy5vcmcvQGFsbG9jL3F1aWNrLWxydS8tL3F1aWNrLWxydS01LjIuMC50Z3oiLAogICAgICAiaW50ZWdyaXR5IjogInNoYTUxMi1VcmNBQkIrNGJVckZBQndibHVUSUJFclh3dmJzVS9WN1RaV2ZtYmdKZmJrd2lCdXppUzlneGRPRFV5dWllY2ZkR1E4NWpnbE1XNmp1UzMrejVUc0tMdz09IiwKICAgICAgImRldiI6IHRydWUsCiAgICAgICJsaWNlbnNlIjogIk1JVCIsCiAgICAgICJlbmdpbmVzIjogewogICAgICAgICJub2RlIjogIj49MTAiCiAgICAgIH0sCiAgICAgICJmdW5kaW5nIjogewogICAgICAgICJ1cmwiOiAiaHR0cHM6Ly9naXRodWIuY29tL3Nwb25zb3JzL3NpbmRyZXNvcmh1cyIKICAgICAgfQogICAgfSwKICAgICJub2RlX21vZHVsZXMvQGJhYmVsL2NvZGUtZnJhbWUiOiB7CiAgICAgICJ2ZXJzaW9uIjogIjcuMjkuNyIsCiAgICAgICJyZXNvbHZlZCI6ICJodHRwczovL3JlZ2lzdHJ5Lm5wbWpzLm9yZy9AYmFiZWwvY29kZS1mcmFtZS8tL2NvZGUtZnJhbWUtNy4yOS43LnRneiIsCiAgICAgICJpbnRlZ3JpdHkiOiAic2hhNTEyLUF1cDdhVU9mcGJBVWcyUk9PSk42SXc1ZjlETUJsenUwbUlrbS9tYWxMUUZOL1lRZ080OHdDajBLeGEzc0VISnZQVkZnN3NpUitxUklud1hkMnFoUUt3PT0iLAogICAgICAibGljZW5zZSI6ICJNSVQiLAogICAgICAiZGVwZW5kZW5jaWVzIjogewogICAgICAgICJAYmFiZWwvaGVscGVyLXZhbGlkYXRvci1pZGVudGlmaWVyIjogIl43LjI5LjciLAogICAgICAgICJqcy10b2tlbnMiOiAiXjQuMC4wIiwKICAgICAgICAicGljb2NvbG9ycyI6ICJeMS4xLjEiCiAgICAgIH0sCiAgICAgICJlbmdpbmVzIjogewogICAgICAgICJub2RlIjogIj49Ni45LjAiCiAgICAgIH0KICAgIH0sCiAgICAibm9kZV9tb2R1bGVzL0BiYWJlbC9jb21wYXQtZGF0YSI6IHsKICAgICAgInZlcnNpb24iOiAiNy4yOS43IiwKICAgICAgInJlc29sdmVkIjogImh0dHBzOi8vcmVnaXN0cnkubnBtanMub3JnL0BiYWJlbC9jb21wYXQtZGF0YS8tL2NvbXBhdC1kYXRhLTcuMjkuNy50Z3oiLAogICAgICAiaW50ZWdyaXR5IjogInNoYTUxMi1sb2NUa1F5S3Z3SUVnQnpWcm44NjkzZWJjOTdGMlU4WkhqYlh3RFhKNUZuMlRDcE53VGxLY2FLTGtkSG9wNWMvaWNPRkU3cXQ3UTlKQzVobktOYTZHZz09IiwKICAgICAgImxpY2Vuc2UiOiAiTUlUIiwKICAgICAgImVuZ2luZXMiOiB7CiAgICAgICAgIm5vZGUiOiAiPj02LjkuMCIKICAgICAgfQogICAgfSwKICAgICJub2RlX21vZHVsZXMvQGJhYmVsL2NvcmUiOiB7CiAgICAgICJ2ZXJzaW9uIjogIjcuMjkuNyIsCiAgICAgICJyZXNvbHZlZCI6ICJodHRwczovL3JlZ2lzdHJ5Lm5wbWpzLm9yZy9AYmFiZWwvY29yZS8tL2NvcmUtNy4yOS43LnRneiIsCiAgICAgICJpbnRlZ3JpdHkiOiAic2hhNTEyLVJnSEJDdnRqYk9LMmdYU05CTklrTm9FYzlxb1ZFdGF1M2hqOGdFcUtRdUwzSFpBaWJLYXJXRkVJM0xmbTZFWUtrTGFsT2g4ZVNyajliK2NoOUgvVkJBPT0iLAogICAgICAibGljZW5zZSI6ICJNSVQiLAogICAgICAiZGVwZW5kZW5jaWVzIjogewogICAgICAgICJAYmFiZWwvY29kZS1mcmFtZSI6ICJeNy4yOS43IiwKICAgICAgICAiQGJhYmVsL2dlbmVyYXRvciI6ICJeNy4yOS43IiwKICAgICAgICAiQGJhYmVsL2hlbHBlci1jb21waWxhdGlvbi10YXJnZXRzIjogIl43LjI5LjciLAogICAgICAgICJAYmFiZWwvaGVscGVyLW1vZHVsZS10cmFuc2Zvcm1zIjogIl43LjI5LjciLAogICAgICAgICJAYmFiZWwvaGVscGVycyI6ICJeNy4yOS43IiwKICAgICAgICAiQGJhYmVsL3BhcnNlciI6ICJeNy4yOS43IiwKICAgICAgICAiQGJhYmVsL3RlbXBsYXRlIjogIl43LjI5LjciLAogICAgICAgICJAYmFiZWwvdHJhdmVyc2UiOiAiXjcuMjkuNyIsCiAgICAgICAgIkBiYWJlbC90eXBlcyI6ICJeNy4yOS43IiwKICAgICAgICAiQGpyaWRnZXdlbGwvcmVtYXBwaW5nIjogIl4yLjMuNSIsCiAgICAgICAgImNvbnZlcnQtc291cmNlLW1hcCI6ICJeMi4wLjAiLAogICAgICAgICJkZWJ1ZyI6ICJeNC4xLjAiLAogICAgICAgICJnZW5zeW5jIjogIl4xLjAuMC1iZXRhLjIiLAogICAgICAgICJqc29uNSI6ICJeMi4yLjMiLAogICAgICAgICJzZW12ZXIiOiAiXjYuMy4xIgogICAgICB9LAogICAgICAiZW5naW5lcyI6IHsKICAgICAgICAibm9kZSI6ICI+PTYuOS4wIgogICAgICB9LAogICAgICAiZnVuZGluZyI6IHsKICAgICAgICAidHlwZSI6ICJvcGVuY29sbGVjdGl2ZSIsCiAgICAgICAgInVybCI6ICJodHRwczovL29wZW5jb2xsZWN0aXZlLmNvbS9iYWJlbCIKICAgICAgfQogICAgfSwKICAgICJub2RlX21vZHVsZXMvQGJhYmVsL2dlbmVyYXRvciI6IHsKICAgICAgInZlcnNpb24iOiAiNy4yOS44IiwKICAgICAgInJlc29sdmVkIjogImh0dHBzOi8vcmVnaXN0cnkubnBtanMub3JnL0BiYWJlbC9nZW5lcmF0b3IvLS9nZW5lcmF0b3ItNy4yOS44LnRneiIsCiAgICAgICJpbnRlZ3JpdHkiOiAic2hhNTEyLWdaYmVwc2RoM1dEdGdaS1dMK3ZUUGg3MUxTQnJtL1k0L1FEWkJWQ2NZZm1lVEVFdW9PWXdsU3krRzFTdGZKZysvWnk1NTB1LzNUQVRibTdxRGJiTXRnPT0iLAogICAgICAibGljZW5zZSI6ICJNSVQiLAogICAgICAiZGVwZW5kZW5jaWVzIjogewogICAgICAgICJAYmFiZWwvcGFyc2VyIjogIl43LjI5LjgiLAogICAgICAgICJAYmFiZWwvdHlwZXMiOiAiXjcuMjkuOCIsCiAgICAgICAgIkBqcmlkZ2V3ZWxsL2dlbi1tYXBwaW5nIjogIl4wLjMuMTIiLAogICAgICAgICJAanJpZGdld2VsbC90cmFjZS1tYXBwaW5nIjogIl4wLjMuMjgiLAogICAgICAgICJqc2VzYyI6ICJeMy4wLjIiCiAgICAgIH0sCiAgICAgICJlbmdpbmVzIjogewogICAgICAgICJub2RlIjogIj49Ni45LjAiCiAgICAgIH0KICAgIH0sCiAgICAibm9kZV9tb2R1bGVzL0BiYWJlbC9oZWxwZXItY29tcGlsYXRpb24tdGFyZ2V0cyI6IHsKICAgICAgInZlcnNpb24iOiAiNy4yOS43IiwKICAgICAgInJlc29sdmVkIjogImh0dHBzOi8vcmVnaXN0cnkubnBtanMub3JnL0BiYWJlbC9oZWxwZXItY29tcGlsYXRpb24tdGFyZ2V0cy8tL2hlbHBlci1jb21waWxhdGlvbi10YXJnZXRzLTcuMjkuNy50Z3oiLAogICAgICAiaW50ZWdyaXR5IjogInNoYTUxMi13ZW02V2FCajROYVZZVmROaExQUFZhY0VTNlpKK0tCQmZTa1RNRDNZWnhiUDNybTNEaTg1dEpVNWxqYVVOaGFPeW50K0FqMHhydWhZdXpRQnQ4bjcxZz09IiwKICAgICAgImxpY2Vuc2UiOiAiTUlUIiwKICAgICAgImRlcGVuZGVuY2llcyI6IHsKICAgICAgICAiQGJhYmVsL2NvbXBhdC1kYXRhIjogIl43LjI5LjciLAogICAgICAgICJAYmFiZWwvaGVscGVyLXZhbGlkYXRvci1vcHRpb24iOiAiXjcuMjkuNyIsCiAgICAgICAgImJyb3dzZXJzbGlzdCI6ICJeNC4yNC4wIiwKICAgICAgICAibHJ1LWNhY2hlIjogIl41LjEuMSIsCiAgICAgICAgInNlbXZlciI6ICJeNi4zLjEiCiAgICAgIH0sCiAgICAgICJlbmdpbmVzIjogewogICAgICAgICJub2RlIjogIj49Ni45LjAiCiAgICAgIH0KICAgIH0sCiAgICAibm9kZV9tb2R1bGVzL0BiYWJlbC9oZWxwZXItZ2xvYmFscyI6IHsKICAgICAgInZlcnNpb24iOiAiNy4yOS43IiwKICAgICAgInJlc29sdmVkIjogImh0dHBzOi8vcmVnaXN0cnkubnBtanMub3JnL0BiYWJlbC9oZWxwZXItZ2xvYmFscy8tL2hlbHBlci1nbG9iYWxzLTcuMjkuNy50Z3oiLAogICAgICAiaW50ZWdyaXR5IjogInNoYTUxMi0zblFWVUF0dmtLSDl6YWhmV2d3OTZKYy91Rk9takFDRTFrUXo4MkUybHFXbUhCZ2p6Yk5sc0MyMm51UVRmYWhtV2VRdFRxNW5RLzRObmQyQTF3ajR6QT09IiwKICAgICAgImxpY2Vuc2UiOiAiTUlUIiwKICAgICAgImVuZ2luZXMiOiB7CiAgICAgICAgIm5vZGUiOiAiPj02LjkuMCIKICAgICAgfQogICAgfSwKICAgICJub2RlX21vZHVsZXMvQGJhYmVsL2hlbHBlci1tb2R1bGUtaW1wb3J0cyI6IHsKICAgICAgInZlcnNpb24iOiAiNy4yOS43IiwKICAgICAgInJlc29sdmVkIjogImh0dHBzOi8vcmVnaXN0cnkubnBtanMub3JnL0BiYWJlbC9oZWxwZXItbW9kdWxlLWltcG9ydHMvLS9oZWxwZXItbW9kdWxlLWltcG9ydHMtNy4yOS43LnRneiIsCiAgICAgICJpbnRlZ3JpdHkiOiAic2hhNTEyLWVqSHdyUVFZY205eG5UaXZTaG4ySURPbEl6SW5OMzRBWHNrdnE5UWljdkN0RXpxMVZ6Y2x1L3RLRjhKcTFDZzhKRzJHTDYvRW1qZ3NDVDdsWGVwRTNnPT0iLAogICAgICAibGljZW5zZSI6ICJNSVQiLAogICAgICAiZGVwZW5kZW5jaWVzIjogewogICAgICAgICJAYmFiZWwvdHJhdmVyc2UiOiAiXjcuMjkuNyIsCiAgICAgICAgIkBiYWJlbC90eXBlcyI6ICJeNy4yOS43IgogICAgICB9LAogICAgICAiZW5naW5lcyI6IHsKICAgICAgICAibm9kZSI6ICI+PTYuOS4wIgogICAgICB9CiAgICB9LAogICAgIm5vZGVfbW9kdWxlcy9AYmFiZWwvaGVscGVyLW1vZHVsZS10cmFuc2Zvcm1zIjogewogICAgICAidmVyc2lvbiI6ICI3LjI5LjciLAogICAgICAicmVzb2x2ZWQiOiAiaHR0cHM6Ly9yZWdpc3RyeS5ucG1qcy5vcmcvQGJhYmVsL2hlbHBlci1tb2R1bGUtdHJhbnNmb3Jtcy8tL2hlbHBlci1tb2R1bGUtdHJhbnNmb3Jtcy03LjI5LjcudGd6IiwKICAgICAgImludGVncml0eSI6ICJzaGE1MTItVVBVVlN5WGJPaDYyN0tpQ0lHUVNnd1d6R2VCS0xrYUo5UEpFZHJuZ0l3TVN6eExSNGpTNCtmMWYxamI3VnpCYmc4bkZMYVlvdHZWUEZDVHFkcm1UQWc9PSIsCiAgICAgICJsaWNlbnNlIjogIk1JVCIsCiAgICAgICJkZXBlbmRlbmNpZXMiOiB7CiAgICAgICAgIkBiYWJlbC9oZWxwZXItbW9kdWxlLWltcG9ydHMiOiAiXjcuMjkuNyIsCiAgICAgICAgIkBiYWJlbC9oZWxwZXItdmFsaWRhdG9yLWlkZW50aWZpZXIiOiAiXjcuMjkuNyIsCiAgICAgICAgIkBiYWJlbC90cmF2ZXJzZSI6ICJeNy4yOS43IgogICAgICB9LAogICAgICAiZW5naW5lcyI6IHsKICAgICAgICAibm9kZSI6ICI+PTYuOS4wIgogICAgICB9LAogICAgICAicGVlckRlcGVuZGVuY2llcyI6IHsKICAgICAgICAiQGJhYmVsL2NvcmUiOiAiXjcuMC4wIgogICAgICB9CiAgICB9LAogICAgIm5vZGVfbW9kdWxlcy9AYmFiZWwvaGVscGVyLXBsdWdpbi11dGlscyI6IHsKICAgICAgInZlcnNpb24iOiAiNy4yOS43IiwKICAgICAgInJlc29sdmVkIjogImh0dHBzOi8vcmVnaXN0cnkubnBtanMub3JnL0BiYWJlbC9oZWxwZXItcGx1Z2luLXV0aWxzLy0vaGVscGVyLXBsdWdpbi11dGlscy03LjI5LjcudGd6IiwKICAgICAgImludGVncml0eSI6ICJzaGE1MTItRzdzSFlpZ1BZMTdvTzVTWVduZkQvME1UQndWUjc4MVMvSkk2NDNlL0poVVlnVmdXRS82MVNvVzNOSDlLV1VLeUtxNUxWaDNucGlmOTlXa3Q2ajg2Snc9PSIsCiAgICAgICJsaWNlbnNlIjogIk1JVCIsCiAgICAgICJlbmdpbmVzIjogewogICAgICAgICJub2RlIjogIj49Ni45LjAiCiAgICAgIH0KICAgIH0sCiAgICAibm9kZV9tb2R1bGVzL0BiYWJlbC9oZWxwZXItc3RyaW5nLXBhcnNlciI6IHsKICAgICAgInZlcnNpb24iOiAiNy4yOS43IiwKICAgICAgInJlc29sdmVkIjogImh0dHBzOi8vcmVnaXN0cnkubnBtanMub3JnL0BiYWJlbC9oZWxwZXItc3RyaW5nLXBhcnNlci8tL2hlbHBlci1zdHJpbmctcGFyc2VyLTcuMjkuNy50Z3oiLAogICAgICAiaW50ZWdyaXR5IjogInNoYTUxMi1QYjVpalByWjg5R0RIODIyM0w0VVA4aTZRQXBXeHMwNFJiUFFKVGVXRFYwL2tlUjJFMzZNZUtueXI2TFltVVV2cVJSSStJdjg3U3VGMVc2RXJJTnpZdz09IiwKICAgICAgImxpY2Vuc2UiOiAiTUlUIiwKICAgICAgImVuZ2luZXMiOiB7CiAgICAgICAgIm5vZGUiOiAiPj02LjkuMCIKICAgICAgfQogICAgfSwKICAgICJub2RlX21vZHVsZXMvQGJhYmVsL2hlbHBlci12YWxpZGF0b3ItaWRlbnRpZmllciI6IHsKICAgICAgInZlcnNpb24iOiAiNy4yOS43IiwKICAgICAgInJlc29sdmVkIjogImh0dHBzOi8vcmVnaXN0cnkubnBtanMub3JnL0BiYWJlbC9oZWxwZXItdmFsaWRhdG9yLWlkZW50aWZpZXIvLS9oZWxwZXItdmFsaWRhdG9yLWlkZW50aWZpZXItNy4yOS43LnRneiIsCiAgICAgICJpbnRlZ3JpdHkiOiAic2hhNTEyLXFlaHhHa1JqNTVoL2ZmOEVNYUorY1loeWFLbEhJeHFZRG42ODJ3UUQ3Uk5wOVV1ak9Rc0hvZzJ1UzByMnZ6cjRwVytzWGY5ME5lZWF5amNOYVgzZkZnPT0iLAogICAgICAibGljZW5zZSI6ICJNSVQiLAogICAgICAiZW5naW5lcyI6IHsKICAgICAgICAibm9kZSI6ICI+PTYuOS4wIgogICAgICB9CiAgICB9LAogICAgIm5vZGVfbW9kdWxlcy9AYmFiZWwvaGVscGVyLXZhbGlkYXRvci1vcHRpb24iOiB7CiAgICAgICJ2ZXJzaW9uIjogIjcuMjkuNyIsCiAgICAgICJyZXNvbHZlZCI6ICJodHRwczovL3JlZ2lzdHJ5Lm5wbWpzLm9yZy9AYmFiZWwvaGVscGVyLXZhbGlkYXRvci1vcHRpb24vLS9oZWxwZXItdmFsaWRhdG9yLW9wdGlvbi03LjI5LjcudGd6IiwKICAgICAgImludGVncml0eSI6ICJzaGE1MTItTjlaRXJyRCt5VzVnZUNEdEJxbk9veG1SOCt0TktpR3V4S2xEcHVKeGZzcXBhMmRGY2V4YXppR0FFL3FvSExpRERyZVZOTXVweEdtU29ObHl2c0EzZ3c9PSIsCiAgICAgICJsaWNlbnNlIjogIk1JVCIsCiAgICAgICJlbmdpbmVzIjogewogICAgICAgICJub2RlIjogIj49Ni45LjAiCiAgICAgIH0KICAgIH0sCiAgICAibm9kZV9tb2R1bGVzL0BiYWJlbC9oZWxwZXJzIjogewogICAgICAidmVyc2lvbiI6ICI3LjI5LjciLAogICAgICAicmVzb2x2ZWQiOiAiaHR0cHM6Ly9yZWdpc3RyeS5ucG1qcy5vcmcvQGJhYmVsL2hlbHBlcnMvLS9oZWxwZXJzLTcuMjkuNy50Z3oiLAogICAgICAiaW50ZWdyaXR5IjogInNoYTUxMi0xazJsQUdSTWZIVGN3dU5ZY0NOVW1hVWZmbVF2OEtXTWZoMmlKVVVlUmx3bHdINEZkTkc3bWZQSTEwTlBmTEhKRlRoRTRUeXI0bXY3a1ROWk9pUHVCZz09IiwKICAgICAgImxpY2Vuc2UiOiAiTUlUIiwKICAgICAgImRlcGVuZGVuY2llcyI6IHsKICAgICAgICAiQGJhYmVsL3RlbXBsYXRlIjogIl43LjI5LjciLAogICAgICAgICJAYmFiZWwvdHlwZXMiOiAiXjcuMjkuNyIKICAgICAgfSwKICAgICAgImVuZ2luZXMiOiB7CiAgICAgICAgIm5vZGUiOiAiPj02LjkuMCIKICAgICAgfQogICAgfSwKICAgICJub2RlX21vZHVsZXMvQGJhYmVsL3BhcnNlciI6IHsKICAgICAgInZlcnNpb24iOiAiNy4yOS44IiwKICAgICAgInJlc29sdmVkIjogImh0dHBzOi8vcmVnaXN0cnkubnBtanMub3JnL0BiYWJlbC9wYXJzZXIvLS9wYXJzZXItNy4yOS44LnRneiIsCiAgICAgICJpbnRlZ3JpdHkiOiAic2hhNTEyLUU4bFRBWU5CMUtXK0ZIK1ZHSnVaTTFpb0F4MkU2b1ZsdlFGUnJmNVA4Wlptc2lKWFlBRDl2VEZWN3l5RVVSTnpnaDFkRnFNWnVPNnRVd2NBUmJxRkNBPT0iLAogICAgICAibGljZW5zZSI6ICJNSVQiLAogICAgICAiZGVwZW5kZW5jaWVzIjogewogICAgICAgICJAYmFiZWwvdHlwZXMiOiAiXjcuMjkuOCIKICAgICAgfSwKICAgICAgImJpbiI6IHsKICAgICAgICAicGFyc2VyIjogImJpbi9iYWJlbC1wYXJzZXIuanMiCiAgICAgIH0sCiAgICAgICJlbmdpbmVzIjogewogICAgICAgICJub2RlIjogIj49Ni4wLjAiCiAgICAgIH0KICAgIH0sCiAgICAibm9kZV9tb2R1bGVzL0BiYWJlbC9wbHVnaW4tdHJhbnNmb3JtLXJlYWN0LWpzeC1zZWxmIjogewogICAgICAidmVyc2lvbiI6ICI3LjI5LjciLAogICAgICAicmVzb2x2ZWQiOiAiaHR0cHM6Ly9yZWdpc3RyeS5ucG1qcy5vcmcvQGJhYmVsL3BsdWdpbi10cmFuc2Zvcm0tcmVhY3QtanN4LXNlbGYvLS9wbHVnaW4tdHJhbnNmb3JtLXJlYWN0LWpzeC1zZWxmLTcuMjkuNy50Z3oiLAogICAgICAiaW50ZWdyaXR5IjogInNoYTUxMi1UTDBoTWM5eHp5ODZWRDMxblVpd3pkNW90UkFjeUVQY3NlZ0N4b2xPMFB2Y1h1SDF2MGtFQ2UvVUl6bllGaWhwa3ZVNXdnL2prNHYwVFRFRmZtNTNmdz09IiwKICAgICAgImxpY2Vuc2UiOiAiTUlUIiwKICAgICAgImRlcGVuZGVuY2llcyI6IHsKICAgICAgICAiQGJhYmVsL2hlbHBlci1wbHVnaW4tdXRpbHMiOiAiXjcuMjkuNyIKICAgICAgfSwKICAgICAgImVuZ2luZXMiOiB7CiAgICAgICAgIm5vZGUiOiAiPj02LjkuMCIKICAgICAgfSwKICAgICAgInBlZXJEZXBlbmRlbmNpZXMiOiB7CiAgICAgICAgIkBiYWJlbC9jb3JlIjogIl43LjAuMC0wIgogICAgICB9CiAgICB9LAogICAgIm5vZGVfbW9kdWxlcy9AYmFiZWwvcGx1Z2luLXRyYW5zZm9ybS1yZWFjdC1qc3gtc291cmNlIjogewogICAgICAidmVyc2lvbiI6ICI3LjI5LjciLAogICAgICAicmVzb2x2ZWQiOiAiaHR0cHM6Ly9yZWdpc3RyeS5ucG1qcy5vcmcvQGJhYmVsL3BsdWdpbi10cmFuc2Zvcm0tcmVhY3QtanN4LXNvdXJjZS8tL3BsdWdpbi10cmFuc2Zvcm0tcmVhY3QtanN4LXNvdXJjZS03LjI5LjcudGd6IiwKICAgICAgImludGVncml0eSI6ICJzaGE1MTItMDZJeUswOUgzd2k0Y0diaERCd3A1Z1VHbzBJS3RuWWE4dHlUaWVwaGlyUENLNmZib2JWR2lYTU1JNXpMUTRhS0VZUDN3WjNBclU0NG8rOEtNclNHL1E9PSIsCiAgICAgICJsaWNlbnNlIjogIk1JVCIsCiAgICAgICJkZXBlbmRlbmNpZXMiOiB7CiAgICAgICAgIkBiYWJlbC9oZWxwZXItcGx1Z2luLXV0aWxzIjogIl43LjI5LjciCiAgICAgIH0sCiAgICAgICJlbmdpbmVzIjogewogICAgICAgICJub2RlIjogIj49Ni45LjAiCiAgICAgIH0sCiAgICAgICJwZWVyRGVwZW5kZW5jaWVzIjogewogICAgICAgICJAYmFiZWwvY29yZSI6ICJeNy4wLjAtMCIKICAgICAgfQogICAgfSwKICAgICJub2RlX21vZHVsZXMvQGJhYmVsL3RlbXBsYXRlIjogewogICAgICAidmVyc2lvbiI6ICI3LjI5LjciLAogICAgICAicmVzb2x2ZWQiOiAiaHR0cHM6Ly9yZWdpc3RyeS5ucG1qcy5vcmcvQGJhYmVsL3RlbXBsYXRlLy0vdGVtcGxhdGUtNy4yOS43LnRneiIsCiAgICAgICJpbnRlZ3JpdHkiOiAic2hhNTEyLXB1cStHZjM1b0kyNEZlTjExTGtvVVFGcXY5dXdOZVdweFhaaS9KaTNyUklvS0F6S254UmFaK0drajB2S1M5WkNpVEVTZm5nMU45THlPeVh2byttK0dnPT0iLAogICAgICAibGljZW5zZSI6ICJNSVQiLAogICAgICAiZGVwZW5kZW5jaWVzIjogewogICAgICAgICJAYmFiZWwvY29kZS1mcmFtZSI6ICJeNy4yOS43IiwKICAgICAgICAiQGJhYmVsL3BhcnNlciI6ICJeNy4yOS43IiwKICAgICAgICAiQGJhYmVsL3R5cGVzIjogIl43LjI5LjciCiAgICAgIH0sCiAgICAgICJlbmdpbmVzIjogewogICAgICAgICJub2RlIjogIj49Ni45LjAiCiAgICAgIH0KICAgIH0sCiAgICAibm9kZV9tb2R1bGVzL0BiYWJlbC90cmF2ZXJzZSI6IHsKICAgICAgInZlcnNpb24iOiAiNy4yOS44IiwKICAgICAgInJlc29sdmVkIjogImh0dHBzOi8vcmVnaXN0cnkubnBtanMub3JnL0BiYWJlbC90cmF2ZXJzZS8tL3RyYXZlcnNlLTcuMjkuOC50Z3oiLAogICAgICAiaW50ZWdyaXR5IjogInNoYTUxMi1JNXo3SDNiZi80MWt0c05WTHRwTjB3QWEzMzZIa3FJSFE1QnVQTEVoVGt0MWpWU3lacGVOS0l6VGdFV21seGpkZzgxUjBJZ1VDY2FFK09rM052cmZaZz09IiwKICAgICAgImxpY2Vuc2UiOiAiTUlUIiwKICAgICAgImRlcGVuZGVuY2llcyI6IHsKICAgICAgICAiQGJhYmVsL2NvZGUtZnJhbWUiOiAiXjcuMjkuNyIsCiAgICAgICAgIkBiYWJlbC9nZW5lcmF0b3IiOiAiXjcuMjkuOCIsCiAgICAgICAgIkBiYWJlbC9oZWxwZXItZ2xvYmFscyI6ICJeNy4yOS43IiwKICAgICAgICAiQGJhYmVsL3BhcnNlciI6ICJeNy4yOS44IiwKICAgICAgICAiQGJhYmVsL3RlbXBsYXRlIjogIl43LjI5LjciLAogICAgICAgICJAYmFiZWwvdHlwZXMiOiAiXjcuMjkuOCIsCiAgICAgICAgImRlYnVnIjogIl40LjMuMSIKICAgICAgfSwKICAgICAgImVuZ2luZXMiOiB7CiAgICAgICAgIm5vZGUiOiAiPj02LjkuMCIKICAgICAgfQogICAgfSwKICAgICJub2RlX21vZHVsZXMvQGJhYmVsL3R5cGVzIjogewogICAgICAidmVyc2lvbiI6ICI3LjI5LjgiLAogICAgICAicmVzb2x2ZWQiOiAiaHR0cHM6Ly9yZWdpc3RyeS5ucG1qcy5vcmcvQGJhYmVsL3R5cGVzLy0vdHlwZXMtNy4yOS44LnRneiIsCiAgICAgICJpbnRlZ3JpdHkiOiAic2hhNTEyLVZqMWpGM2NQZnhnN09BZm9JN1FuVktMb0lMbG0ySkY5cG5WSHJYOHF4N0FITWlZV1QrTkRBQTdqQ2hsTmdSUzRXVExjL2ZEMWxYTG1QaXhsdWorM0dnPT0iLAogICAgICAibGljZW5zZSI6ICJNSVQiLAogICAgICAiZGVwZW5kZW5jaWVzIjogewogICAgICAgICJAYmFiZWwvaGVscGVyLXN0cmluZy1wYXJzZXIiOiAiXjcuMjkuNyIsCiAgICAgICAgIkBiYWJlbC9oZWxwZXItdmFsaWRhdG9yLWlkZW50aWZpZXIiOiAiXjcuMjkuNyIKICAgICAgfSwKICAgICAgImVuZ2luZXMiOiB7CiAgICAgICAgIm5vZGUiOiAiPj02LjkuMCIKICAgICAgfQogICAgfSwKICAgICJub2RlX21vZHVsZXMvQGVzYnVpbGQvYWl4LXBwYzY0IjogewogICAgICAidmVyc2lvbiI6ICIwLjIxLjUiLAogICAgICAicmVzb2x2ZWQiOiAiaHR0cHM6Ly9yZWdpc3RyeS5ucG1qcy5vcmcvQGVzYnVpbGQvYWl4LXBwYzY0Ly0vYWl4LXBwYzY0LTAuMjEuNS50Z3oiLAogICAgICAiaW50ZWdyaXR5IjogInNoYTUxMi0xU0RnSDZaU1BUbGdneTF5STYrRGJraXo4eHpwSEpFVkFsRi9BTTF0SFBMc2Y1U1RvbTlyd3RqRTRoS0FGMjBGZlhYTlRGcUVZWHlKTldoMUdpWmVkUT09IiwKICAgICAgImNwdSI6IFsKICAgICAgICAicHBjNjQiCiAgICAgIF0sCiAgICAgICJsaWNlbnNlIjogIk1JVCIsCiAgICAgICJvcHRpb25hbCI6IHRydWUsCiAgICAgICJvcyI6IFsKICAgICAgICAiYWl4IgogICAgICBdLAogICAgICAiZW5naW5lcyI6IHsKICAgICAgICAibm9kZSI6ICI+PTEyIgogICAgICB9CiAgICB9LAogICAgIm5vZGVfbW9kdWxlcy9AZXNidWlsZC9hbmRyb2lkLWFybSI6IHsKICAgICAgInZlcnNpb24iOiAiMC4yMS41IiwKICAgICAgInJlc29sdmVkIjogImh0dHBzOi8vcmVnaXN0cnkubnBtanMub3JnL0Blc2J1aWxkL2FuZHJvaWQtYXJtLy0vYW5kcm9pZC1hcm0tMC4yMS41LnRneiIsCiAgICAgICJpbnRlZ3JpdHkiOiAic2hhNTEyLXZDUHZ6U2pwUEhFaTFzaVpkbHZBbHNQeFhsN1diT1ZVQkJBb3dXdWc0ckpIYjY4T3g4S3VhbEIrMW9jTnZUNWZqdjZ3cGtYNm8vaUVwYkRyZjY4emNnPT0iLAogICAgICAiY3B1IjogWwogICAgICAgICJhcm0iCiAgICAgIF0sCiAgICAgICJsaWNlbnNlIjogIk1JVCIsCiAgICAgICJvcHRpb25hbCI6IHRydWUsCiAgICAgICJvcyI6IFsKICAgICAgICAiYW5kcm9pZCIKICAgICAgXSwKICAgICAgImVuZ2luZXMiOiB7CiAgICAgICAgIm5vZGUiOiAiPj0xMiIKICAgICAgfQogICAgfSwKICAgICJub2RlX21vZHVsZXMvQGVzYnVpbGQvYW5kcm9pZC1hcm02NCI6IHsKICAgICAgInZlcnNpb24iOiAiMC4yMS41IiwKICAgICAgInJlc29sdmVkIjogImh0dHBzOi8vcmVnaXN0cnkubnBtanMub3JnL0Blc2J1aWxkL2FuZHJvaWQtYXJtNjQvLS9hbmRyb2lkLWFybTY0LTAuMjEuNS50Z3oiLAogICAgICAiaW50ZWdyaXR5IjogInNoYTUxMi1jMHVYOVZBVUJRN2RURENqcSt3ZHlHTG93TWR0Ui9Hb0MyVTVJWWsvN0QxSDFKWUMwcXNlRDcrMTFpTVAybVJMTjlSY0NNUmNqQzRZTWNsQ3pHd1MvQT09IiwKICAgICAgImNwdSI6IFsKICAgICAgICAiYXJtNjQiCiAgICAgIF0sCiAgICAgICJsaWNlbnNlIjogIk1JVCIsCiAgICAgICJvcHRpb25hbCI6IHRydWUsCiAgICAgICJvcyI6IFsKICAgICAgICAiYW5kcm9pZCIKICAgICAgXSwKICAgICAgImVuZ2luZXMiOiB7CiAgICAgICAgIm5vZGUiOiAiPj0xMiIKICAgICAgfQogICAgfSwKICAgICJub2RlX21vZHVsZXMvQGVzYnVpbGQvYW5kcm9pZC14NjQiOiB7CiAgICAgICJ2ZXJzaW9uIjogIjAuMjEuNSIsCiAgICAgICJyZXNvbHZlZCI6ICJodHRwczovL3JlZ2lzdHJ5Lm5wbWpzLm9yZy9AZXNidWlsZC9hbmRyb2lkLXg2NC8tL2FuZHJvaWQteDY0LTAuMjEuNS50Z3oiLAogICAgICAiaW50ZWdyaXR5IjogInNoYTUxMi1EN2FQUlVVTkhSQndIeHp4UnZwODU2cmpVSFJGVzFTZFFBVEtYSDJocUEwa0FaYjFoS21pMDJPcFlSYWNsMFR4SUd6L1ptWFdsYlpnandXWWFDYWtUQT09IiwKICAgICAgImNwdSI6IFsKICAgICAgICAieDY0IgogICAgICBdLAogICAgICAibGljZW5zZSI6ICJNSVQiLAogICAgICAib3B0aW9uYWwiOiB0cnVlLAogICAgICAib3MiOiBbCiAgICAgICAgImFuZHJvaWQiCiAgICAgIF0sCiAgICAgICJlbmdpbmVzIjogewogICAgICAgICJub2RlIjogIj49MTIiCiAgICAgIH0KICAgIH0sCiAgICAibm9kZV9tb2R1bGVzL0Blc2J1aWxkL2Rhcndpbi1hcm02NCI6IHsKICAgICAgInZlcnNpb24iOiAiMC4yMS41IiwKICAgICAgInJlc29sdmVkIjogImh0dHBzOi8vcmVnaXN0cnkubnBtanMub3JnL0Blc2J1aWxkL2Rhcndpbi1hcm02NC8tL2Rhcndpbi1hcm02NC0wLjIxLjUudGd6IiwKICAgICAgImludGVncml0eSI6ICJzaGE1MTItRHdxWHFaeXVrNUFpV1dmM1VmTGlSREo1RURkNDl6ZzZPOXdjbFo3a1VNdjJXUkZyNEhLalhwLzV0OEpaMTFRYlFmVVM2L2NSQ0tHd1lodE5BWTg4a1E9PSIsCiAgICAgICJjcHUiOiBbCiAgICAgICAgImFybTY0IgogICAgICBdLAogICAgICAibGljZW5zZSI6ICJNSVQiLAogICAgICAib3B0aW9uYWwiOiB0cnVlLAogICAgICAib3MiOiBbCiAgICAgICAgImRhcndpbiIKICAgICAgXSwKICAgICAgImVuZ2luZXMiOiB7CiAgICAgICAgIm5vZGUiOiAiPj0xMiIKICAgICAgfQogICAgfSwKICAgICJub2RlX21vZHVsZXMvQGVzYnVpbGQvZGFyd2luLXg2NCI6IHsKICAgICAgInZlcnNpb24iOiAiMC4yMS41IiwKICAgICAgInJlc29sdmVkIjogImh0dHBzOi8vcmVnaXN0cnkubnBtanMub3JnL0Blc2J1aWxkL2Rhcndpbi14NjQvLS9kYXJ3aW4teDY0LTAuMjEuNS50Z3oiLAogICAgICAiaW50ZWdyaXR5IjogInNoYTUxMi1zZS9KakY4TmxtS1ZHNGtOSXV5V01WLzIyWmFlckIrcWFTaTVNZHJYdGQ2UjA4a3ZzMnFDTjRDMDltaXVwa3REaXR2aDhqUkZmbHdHRkJRY3haUmpidz09IiwKICAgICAgImNwdSI6IFsKICAgICAgICAieDY0IgogICAgICBdLAogICAgICAibGljZW5zZSI6ICJNSVQiLAogICAgICAib3B0aW9uYWwiOiB0cnVlLAogICAgICAib3MiOiBbCiAgICAgICAgImRhcndpbiIKICAgICAgXSwKICAgICAgImVuZ2luZXMiOiB7CiAgICAgICAgIm5vZGUiOiAiPj0xMiIKICAgICAgfQogICAgfSwKICAgICJub2RlX21vZHVsZXMvQGVzYnVpbGQvZnJlZWJzZC1hcm02NCI6IHsKICAgICAgInZlcnNpb24iOiAiMC4yMS41IiwKICAgICAgInJlc29sdmVkIjogImh0dHBzOi8vcmVnaXN0cnkubnBtanMub3JnL0Blc2J1aWxkL2ZyZWVic2QtYXJtNjQvLS9mcmVlYnNkLWFybTY0LTAuMjEuNS50Z3oiLAogICAgICAiaW50ZWdyaXR5IjogInNoYTUxMi01SmNSeHhSRFVKTFg4SlhwL3djQkN5M3BFTm5DZ0JSOWJONkpzWTRPbWhmVXRJSGUzWlcwbWF3QTcrUkRBY01Mck1JWmFmMDNObFFpWDlER3lCOGg0Zz09IiwKICAgICAgImNwdSI6IFsKICAgICAgICAiYXJtNjQiCiAgICAgIF0sCiAgICAgICJsaWNlbnNlIjogIk1JVCIsCiAgICAgICJvcHRpb25hbCI6IHRydWUsCiAgICAgICJvcyI6IFsKICAgICAgICAiZnJlZWJzZCIKICAgICAgXSwKICAgICAgImVuZ2luZXMiOiB7CiAgICAgICAgIm5vZGUiOiAiPj0xMiIKICAgICAgfQogICAgfSwKICAgICJub2RlX21vZHVsZXMvQGVzYnVpbGQvZnJlZWJzZC14NjQiOiB7CiAgICAgICJ2ZXJzaW9uIjogIjAuMjEuNSIsCiAgICAgICJyZXNvbHZlZCI6ICJodHRwczovL3JlZ2lzdHJ5Lm5wbWpzLm9yZy9AZXNidWlsZC9mcmVlYnNkLXg2NC8tL2ZyZWVic2QteDY0LTAuMjEuNS50Z3oiLAogICAgICAiaW50ZWdyaXR5IjogInNoYTUxMi1KOTVrTkJqMXprYk1YdEhWSDI5YkJyaVF5Z01YcW9WUU9RWUErSVNzMC8ybDNUOS9rajQyb3cybXBxZXJSQnhESm5ta1VEQ2FRVC9kZk5YV1gvWlpDUT09IiwKICAgICAgImNwdSI6IFsKICAgICAgICAieDY0IgogICAgICBdLAogICAgICAibGljZW5zZSI6ICJNSVQiLAogICAgICAib3B0aW9uYWwiOiB0cnVlLAogICAgICAib3MiOiBbCiAgICAgICAgImZyZWVic2QiCiAgICAgIF0sCiAgICAgICJlbmdpbmVzIjogewogICAgICAgICJub2RlIjogIj49MTIiCiAgICAgIH0KICAgIH0sCiAgICAibm9kZV9tb2R1bGVzL0Blc2J1aWxkL2xpbnV4LWFybSI6IHsKICAgICAgInZlcnNpb24iOiAiMC4yMS41IiwKICAgICAgInJlc29sdmVkIjogImh0dHBzOi8vcmVnaXN0cnkubnBtanMub3JnL0Blc2J1aWxkL2xpbnV4LWFybS8tL2xpbnV4LWFybS0wLjIxLjUudGd6IiwKICAgICAgImludGVncml0eSI6ICJzaGE1MTItYlBiNUFIWnRiZU5HakNLVlo5VUdxR3dvOEVVdTRjTHE2OEU5NUE1M0tseEFQUm1VeVl2MkQ2RjB1VUk2NVhpc0dPTDFoQlA1…24894 tokens truncated…h0dHBzOi8vZ2l0aHViLmNvbS9zcG9uc29ycy9samhhcmIiCiAgICAgIH0KICAgIH0sCiAgICAibm9kZV9tb2R1bGVzL3JldXNpZnkiOiB7CiAgICAgICJ2ZXJzaW9uIjogIjEuMS4wIiwKICAgICAgInJlc29sdmVkIjogImh0dHBzOi8vcmVnaXN0cnkubnBtanMub3JnL3JldXNpZnkvLS9yZXVzaWZ5LTEuMS4wLnRneiIsCiAgICAgICJpbnRlZ3JpdHkiOiAic2hhNTEyLWc2UVVmZjA0b1pwSHMwZUc1cDgzckZMaEhlVjAwdWcvWWY5blpNNmZMZVVyUGd1QlRrVFFPZHBBV1dzcE1oNTVUWmZWUURQYU4zTlFKZmJWUkF4ZEl3PT0iLAogICAgICAiZGV2IjogdHJ1ZSwKICAgICAgImxpY2Vuc2UiOiAiTUlUIiwKICAgICAgImVuZ2luZXMiOiB7CiAgICAgICAgImlvanMiOiAiPj0xLjAuMCIsCiAgICAgICAgIm5vZGUiOiAiPj0wLjEwLjAiCiAgICAgIH0KICAgIH0sCiAgICAibm9kZV9tb2R1bGVzL3JvbGx1cCI6IHsKICAgICAgInZlcnNpb24iOiAiNC42Mi40IiwKICAgICAgInJlc29sdmVkIjogImh0dHBzOi8vcmVnaXN0cnkubnBtanMub3JnL3JvbGx1cC8tL3JvbGx1cC00LjYyLjQudGd6IiwKICAgICAgImludGVncml0eSI6ICJzaGE1MTItUlhPcXdhUHNCR2pNTk1hNHNRakRqSGllSEVaREZvai9SZHI0NmwyTVU1RGZFczE2d0hKUEMyUlBUUEhXaE5sK00zYUk0NzJMTHFGa0ZLdXQ0U2JsT2c9PSIsCiAgICAgICJsaWNlbnNlIjogIk1JVCIsCiAgICAgICJkZXBlbmRlbmNpZXMiOiB7CiAgICAgICAgIkB0eXBlcy9lc3RyZWUiOiAiMS4wLjkiCiAgICAgIH0sCiAgICAgICJiaW4iOiB7CiAgICAgICAgInJvbGx1cCI6ICJkaXN0L2Jpbi9yb2xsdXAiCiAgICAgIH0sCiAgICAgICJlbmdpbmVzIjogewogICAgICAgICJub2RlIjogIj49MTguMC4wIiwKICAgICAgICAibnBtIjogIj49OC4wLjAiCiAgICAgIH0sCiAgICAgICJvcHRpb25hbERlcGVuZGVuY2llcyI6IHsKICAgICAgICAiQG5hcGktcnMvbHptYS1saW51eC14NjQtZ251IjogIjEuNS4xIiwKICAgICAgICAiQHJvbGx1cC9yb2xsdXAtYW5kcm9pZC1hcm0tZWFiaSI6ICI0LjYyLjQiLAogICAgICAgICJAcm9sbHVwL3JvbGx1cC1hbmRyb2lkLWFybTY0IjogIjQuNjIuNCIsCiAgICAgICAgIkByb2xsdXAvcm9sbHVwLWRhcndpbi1hcm02NCI6ICI0LjYyLjQiLAogICAgICAgICJAcm9sbHVwL3JvbGx1cC1kYXJ3aW4teDY0IjogIjQuNjIuNCIsCiAgICAgICAgIkByb2xsdXAvcm9sbHVwLWZyZWVic2QtYXJtNjQiOiAiNC42Mi40IiwKICAgICAgICAiQHJvbGx1cC9yb2xsdXAtZnJlZWJzZC14NjQiOiAiNC42Mi40IiwKICAgICAgICAiQHJvbGx1cC9yb2xsdXAtbGludXgtYXJtLWdudWVhYmloZiI6ICI0LjYyLjQiLAogICAgICAgICJAcm9sbHVwL3JvbGx1cC1saW51eC1hcm0tbXVzbGVhYmloZiI6ICI0LjYyLjQiLAogICAgICAgICJAcm9sbHVwL3JvbGx1cC1saW51eC1hcm02NC1nbnUiOiAiNC42Mi40IiwKICAgICAgICAiQHJvbGx1cC9yb2xsdXAtbGludXgtYXJtNjQtbXVzbCI6ICI0LjYyLjQiLAogICAgICAgICJAcm9sbHVwL3JvbGx1cC1saW51eC1sb29uZzY0LWdudSI6ICI0LjYyLjQiLAogICAgICAgICJAcm9sbHVwL3JvbGx1cC1saW51eC1sb29uZzY0LW11c2wiOiAiNC42Mi40IiwKICAgICAgICAiQHJvbGx1cC9yb2xsdXAtbGludXgtcHBjNjQtZ251IjogIjQuNjIuNCIsCiAgICAgICAgIkByb2xsdXAvcm9sbHVwLWxpbnV4LXBwYzY0LW11c2wiOiAiNC42Mi40IiwKICAgICAgICAiQHJvbGx1cC9yb2xsdXAtbGludXgtcmlzY3Y2NC1nbnUiOiAiNC42Mi40IiwKICAgICAgICAiQHJvbGx1cC9yb2xsdXAtbGludXgtcmlzY3Y2NC1tdXNsIjogIjQuNjIuNCIsCiAgICAgICAgIkByb2xsdXAvcm9sbHVwLWxpbnV4LXMzOTB4LWdudSI6ICI0LjYyLjQiLAogICAgICAgICJAcm9sbHVwL3JvbGx1cC1saW51eC14NjQtZ251IjogIjQuNjIuNCIsCiAgICAgICAgIkByb2xsdXAvcm9sbHVwLWxpbnV4LXg2NC1tdXNsIjogIjQuNjIuNCIsCiAgICAgICAgIkByb2xsdXAvcm9sbHVwLW9wZW5ic2QteDY0IjogIjQuNjIuNCIsCiAgICAgICAgIkByb2xsdXAvcm9sbHVwLW9wZW5oYXJtb255LWFybTY0IjogIjQuNjIuNCIsCiAgICAgICAgIkByb2xsdXAvcm9sbHVwLXdpbjMyLWFybTY0LW1zdmMiOiAiNC42Mi40IiwKICAgICAgICAiQHJvbGx1cC9yb2xsdXAtd2luMzItaWEzMi1tc3ZjIjogIjQuNjIuNCIsCiAgICAgICAgIkByb2xsdXAvcm9sbHVwLXdpbjMyLXg2NC1nbnUiOiAiNC42Mi40IiwKICAgICAgICAiQHJvbGx1cC9yb2xsdXAtd2luMzIteDY0LW1zdmMiOiAiNC42Mi40IiwKICAgICAgICAiZnNldmVudHMiOiAifjIuMy4yIgogICAgICB9CiAgICB9LAogICAgIm5vZGVfbW9kdWxlcy9ydW4tcGFyYWxsZWwiOiB7CiAgICAgICJ2ZXJzaW9uIjogIjEuMi4wIiwKICAgICAgInJlc29sdmVkIjogImh0dHBzOi8vcmVnaXN0cnkubnBtanMub3JnL3J1bi1wYXJhbGxlbC8tL3J1bi1wYXJhbGxlbC0xLjIuMC50Z3oiLAogICAgICAiaW50ZWdyaXR5IjogInNoYTUxMi01bDRWeVpSODZMWi9sRHhaVFI2anFMOEFGRTJTMElGTE1QMjZBYmpzTFZBRHhIZGhCL2MwR1VzSCt5MzlVZkNpM2R6ejhPbFF1UG1uYUpPTW9ESFFCQT09IiwKICAgICAgImRldiI6IHRydWUsCiAgICAgICJmdW5kaW5nIjogWwogICAgICAgIHsKICAgICAgICAgICJ0eXBlIjogImdpdGh1YiIsCiAgICAgICAgICAidXJsIjogImh0dHBzOi8vZ2l0aHViLmNvbS9zcG9uc29ycy9mZXJvc3MiCiAgICAgICAgfSwKICAgICAgICB7CiAgICAgICAgICAidHlwZSI6ICJwYXRyZW9uIiwKICAgICAgICAgICJ1cmwiOiAiaHR0cHM6Ly93d3cucGF0cmVvbi5jb20vZmVyb3NzIgogICAgICAgIH0sCiAgICAgICAgewogICAgICAgICAgInR5cGUiOiAiY29uc3VsdGluZyIsCiAgICAgICAgICAidXJsIjogImh0dHBzOi8vZmVyb3NzLm9yZy9zdXBwb3J0IgogICAgICAgIH0KICAgICAgXSwKICAgICAgImxpY2Vuc2UiOiAiTUlUIiwKICAgICAgImRlcGVuZGVuY2llcyI6IHsKICAgICAgICAicXVldWUtbWljcm90YXNrIjogIl4xLjIuMiIKICAgICAgfQogICAgfSwKICAgICJub2RlX21vZHVsZXMvc2FmZS1idWZmZXIiOiB7CiAgICAgICJ2ZXJzaW9uIjogIjUuMS4yIiwKICAgICAgInJlc29sdmVkIjogImh0dHBzOi8vcmVnaXN0cnkubnBtanMub3JnL3NhZmUtYnVmZmVyLy0vc2FmZS1idWZmZXItNS4xLjIudGd6IiwKICAgICAgImludGVncml0eSI6ICJzaGE1MTItR2QyVVpCSkRrWGxZN0diSnhmc0U4L252S2tVRVUxRzM4YzFzaU42UVA2YTlQVDlNbUhCOEducHNjU21NSlNvRjhMT0lydDh1ZC93UHRvanlzNEc2K2c9PSIsCiAgICAgICJsaWNlbnNlIjogIk1JVCIKICAgIH0sCiAgICAibm9kZV9tb2R1bGVzL3NjaGVkdWxlciI6IHsKICAgICAgInZlcnNpb24iOiAiMC4yMy4yIiwKICAgICAgInJlc29sdmVkIjogImh0dHBzOi8vcmVnaXN0cnkubnBtanMub3JnL3NjaGVkdWxlci8tL3NjaGVkdWxlci0wLjIzLjIudGd6IiwKICAgICAgImludGVncml0eSI6ICJzaGE1MTItVU9TaHNQd3o3TnJNVXFoUjZ0MGhXakZkdXZPemJ0djd0b0RIMS9oSXJmUk5JREJubkJXZDBDd0pUR3ZUcG5nVmxtd0dDZFA5L1psL3RWckRxY3VZelE9PSIsCiAgICAgICJsaWNlbnNlIjogIk1JVCIsCiAgICAgICJkZXBlbmRlbmNpZXMiOiB7CiAgICAgICAgImxvb3NlLWVudmlmeSI6ICJeMS4xLjAiCiAgICAgIH0KICAgIH0sCiAgICAibm9kZV9tb2R1bGVzL3NlbXZlciI6IHsKICAgICAgInZlcnNpb24iOiAiNi4zLjEiLAogICAgICAicmVzb2x2ZWQiOiAiaHR0cHM6Ly9yZWdpc3RyeS5ucG1qcy5vcmcvc2VtdmVyLy0vc2VtdmVyLTYuMy4xLnRneiIsCiAgICAgICJpbnRlZ3JpdHkiOiAic2hhNTEyLUJSN1Z2RENWSE8rcTJ4QkVXc2t4UzZESkUxcVJuYjdEeHpVcm9nYjcxQ1dvU2ZpY0J4WXNpQUdkK0tsMG1tcS9NcHJHOXlBclJreXJReFRPNlhqTXpBPT0iLAogICAgICAibGljZW5zZSI6ICJJU0MiLAogICAgICAiYmluIjogewogICAgICAgICJzZW12ZXIiOiAiYmluL3NlbXZlci5qcyIKICAgICAgfQogICAgfSwKICAgICJub2RlX21vZHVsZXMvc2V0aW1tZWRpYXRlIjogewogICAgICAidmVyc2lvbiI6ICIxLjAuNSIsCiAgICAgICJyZXNvbHZlZCI6ICJodHRwczovL3JlZ2lzdHJ5Lm5wbWpzLm9yZy9zZXRpbW1lZGlhdGUvLS9zZXRpbW1lZGlhdGUtMS4wLjUudGd6IiwKICAgICAgImludGVncml0eSI6ICJzaGE1MTItTUFUSmRacDhzTHFEbC82OExmUW1iUDh6S1BMUU5WNkJJWm9JZ3JzY0ZEUStSc3ZLL0J4ZURRT2d5eEtLb2gweS84aDNCcVZGbkNxUS9nZCtyZWlJWEE9PSIsCiAgICAgICJsaWNlbnNlIjogIk1JVCIKICAgIH0sCiAgICAibm9kZV9tb2R1bGVzL3NvdXJjZS1tYXAtanMiOiB7CiAgICAgICJ2ZXJzaW9uIjogIjEuMi4xIiwKICAgICAgInJlc29sdmVkIjogImh0dHBzOi8vcmVnaXN0cnkubnBtanMub3JnL3NvdXJjZS1tYXAtanMvLS9zb3VyY2UtbWFwLWpzLTEuMi4xLnRneiIsCiAgICAgICJpbnRlZ3JpdHkiOiAic2hhNTEyLVVYV01LaExPd1ZLYjcyOElVdFFQWHhmWVUrdXNkeWJ0VXJLLzh1R0U4Q1FNdnJoT3B3dnpEQndqMFFoU0w3TVFjN3ZJc0lTQkc4VlE4K0lEUXhwZlFBPT0iLAogICAgICAibGljZW5zZSI6ICJCU0QtMy1DbGF1c2UiLAogICAgICAiZW5naW5lcyI6IHsKICAgICAgICAibm9kZSI6ICI+PTAuMTAuMCIKICAgICAgfQogICAgfSwKICAgICJub2RlX21vZHVsZXMvc3ByaW50Zi1qcyI6IHsKICAgICAgInZlcnNpb24iOiAiMS4wLjMiLAogICAgICAicmVzb2x2ZWQiOiAiaHR0cHM6Ly9yZWdpc3RyeS5ucG1qcy5vcmcvc3ByaW50Zi1qcy8tL3NwcmludGYtanMtMS4wLjMudGd6IiwKICAgICAgImludGVncml0eSI6ICJzaGE1MTItRDljUGdrdkxsVjN0M0l6TDBEMFlMdkdBOUFoazRQY3ZWd1ViTjBkU0dyMWFQME5ydDRBRW5UVWJ1R3ZxdUVDMG1BNjRHcXQxZnppcmxSczVpYlh4OGc9PSIsCiAgICAgICJsaWNlbnNlIjogIkJTRC0zLUNsYXVzZSIKICAgIH0sCiAgICAibm9kZV9tb2R1bGVzL3N0cmluZ19kZWNvZGVyIjogewogICAgICAidmVyc2lvbiI6ICIxLjEuMSIsCiAgICAgICJyZXNvbHZlZCI6ICJodHRwczovL3JlZ2lzdHJ5Lm5wbWpzLm9yZy9zdHJpbmdfZGVjb2Rlci8tL3N0cmluZ19kZWNvZGVyLTEuMS4xLnRneiIsCiAgICAgICJpbnRlZ3JpdHkiOiAic2hhNTEyLW4vU2hudkRpNkZIYmJWZnZpcm8rV29qaUZ6ditzOE1QTUhCY3pWZVBmVXBESkx3b0xUMGh0MWw0WXdCQ2JpOHBKQXZlRUVkbmtIeVB5VFAvbXpSZndnPT0iLAogICAgICAibGljZW5zZSI6ICJNSVQiLAogICAgICAiZGVwZW5kZW5jaWVzIjogewogICAgICAgICJzYWZlLWJ1ZmZlciI6ICJ+NS4xLjAiCiAgICAgIH0KICAgIH0sCiAgICAibm9kZV9tb2R1bGVzL3N1Y3Jhc2UiOiB7CiAgICAgICJ2ZXJzaW9uIjogIjMuMzUuMSIsCiAgICAgICJyZXNvbHZlZCI6ICJodHRwczovL3JlZ2lzdHJ5Lm5wbWpzLm9yZy9zdWNyYXNlLy0vc3VjcmFzZS0zLjM1LjEudGd6IiwKICAgICAgImludGVncml0eSI6ICJzaGE1MTItRGh1VG12Wld1eDRIMVVPbldNQjNzazBzYmFDVk9vUVpqdjh1MXJEb1RWMEhUZEdlbTloa0FadGw0Slp5OFAyejRCZzBuVCtZTWVPRnlWcjR6Y0c1VHc9PSIsCiAgICAgICJkZXYiOiB0cnVlLAogICAgICAibGljZW5zZSI6ICJNSVQiLAogICAgICAiZGVwZW5kZW5jaWVzIjogewogICAgICAgICJAanJpZGdld2VsbC9nZW4tbWFwcGluZyI6ICJeMC4zLjIiLAogICAgICAgICJjb21tYW5kZXIiOiAiXjQuMC4wIiwKICAgICAgICAibGluZXMtYW5kLWNvbHVtbnMiOiAiXjEuMS42IiwKICAgICAgICAibXoiOiAiXjIuNy4wIiwKICAgICAgICAicGlyYXRlcyI6ICJeNC4wLjEiLAogICAgICAgICJ0aW55Z2xvYmJ5IjogIl4wLjIuMTEiLAogICAgICAgICJ0cy1pbnRlcmZhY2UtY2hlY2tlciI6ICJeMC4xLjkiCiAgICAgIH0sCiAgICAgICJiaW4iOiB7CiAgICAgICAgInN1Y3Jhc2UiOiAiYmluL3N1Y3Jhc2UiLAogICAgICAgICJzdWNyYXNlLW5vZGUiOiAiYmluL3N1Y3Jhc2Utbm9kZSIKICAgICAgfSwKICAgICAgImVuZ2luZXMiOiB7CiAgICAgICAgIm5vZGUiOiAiPj0xNiB8fCAxNCA+PTE0LjE3IgogICAgICB9CiAgICB9LAogICAgIm5vZGVfbW9kdWxlcy9zdXBwb3J0cy1wcmVzZXJ2ZS1zeW1saW5rcy1mbGFnIjogewogICAgICAidmVyc2lvbiI6ICIxLjAuMCIsCiAgICAgICJyZXNvbHZlZCI6ICJodHRwczovL3JlZ2lzdHJ5Lm5wbWpzLm9yZy9zdXBwb3J0cy1wcmVzZXJ2ZS1zeW1saW5rcy1mbGFnLy0vc3VwcG9ydHMtcHJlc2VydmUtc3ltbGlua3MtZmxhZy0xLjAuMC50Z3oiLAogICAgICAiaW50ZWdyaXR5IjogInNoYTUxMi1vdDBXblhTOWZnZGtnSWNlUGU2UkhOazFXQTgrbXVQYTZjU2plUjNWOEsyN3E5QkIxclRFM1IxcDdIdjB6MVp5QWM4czZWdnY4REl5V2Y2ODFNQXQwdz09IiwKICAgICAgImRldiI6IHRydWUsCiAgICAgICJsaWNlbnNlIjogIk1JVCIsCiAgICAgICJlbmdpbmVzIjogewogICAgICAgICJub2RlIjogIj49IDAuNCIKICAgICAgfSwKICAgICAgImZ1bmRpbmciOiB7CiAgICAgICAgInVybCI6ICJodHRwczovL2dpdGh1Yi5jb20vc3BvbnNvcnMvbGpoYXJiIgogICAgICB9CiAgICB9LAogICAgIm5vZGVfbW9kdWxlcy90YWlsd2luZGNzcyI6IHsKICAgICAgInZlcnNpb24iOiAiMy40LjE3IiwKICAgICAgInJlc29sdmVkIjogImh0dHBzOi8vcmVnaXN0cnkubnBtanMub3JnL3RhaWx3aW5kY3NzLy0vdGFpbHdpbmRjc3MtMy40LjE3LnRneiIsCiAgICAgICJpbnRlZ3JpdHkiOiAic2hhNTEyLXczM0UyYUN2U0RQMHRXOVJadU5YYWRYbGtIWHFGelNrUWV3L2FJYTJpL1NqOGZUaHh3b3Z3bFhIU1BYVGJBSHdFSWhCRlhBZWRVaFAydHVlQUtQOE9nPT0iLAogICAgICAiZGV2IjogdHJ1ZSwKICAgICAgImxpY2Vuc2UiOiAiTUlUIiwKICAgICAgImRlcGVuZGVuY2llcyI6IHsKICAgICAgICAiQGFsbG9jL3F1aWNrLWxydSI6ICJeNS4yLjAiLAogICAgICAgICJhcmciOiAiXjUuMC4yIiwKICAgICAgICAiY2hva2lkYXIiOiAiXjMuNi4wIiwKICAgICAgICAiZGlkeW91bWVhbiI6ICJeMS4yLjIiLAogICAgICAgICJkbHYiOiAiXjEuMS4zIiwKICAgICAgICAiZmFzdC1nbG9iIjogIl4zLjMuMiIsCiAgICAgICAgImdsb2ItcGFyZW50IjogIl42LjAuMiIsCiAgICAgICAgImlzLWdsb2IiOiAiXjQuMC4zIiwKICAgICAgICAiaml0aSI6ICJeMS4yMS42IiwKICAgICAgICAibGlsY29uZmlnIjogIl4zLjEuMyIsCiAgICAgICAgIm1pY3JvbWF0Y2giOiAiXjQuMC44IiwKICAgICAgICAibm9ybWFsaXplLXBhdGgiOiAiXjMuMC4wIiwKICAgICAgICAib2JqZWN0LWhhc2giOiAiXjMuMC4wIiwKICAgICAgICAicGljb2NvbG9ycyI6ICJeMS4xLjEiLAogICAgICAgICJwb3N0Y3NzIjogIl44LjQuNDciLAogICAgICAgICJwb3N0Y3NzLWltcG9ydCI6ICJeMTUuMS4wIiwKICAgICAgICAicG9zdGNzcy1qcyI6ICJeNC4wLjEiLAogICAgICAgICJwb3N0Y3NzLWxvYWQtY29uZmlnIjogIl40LjAuMiIsCiAgICAgICAgInBvc3Rjc3MtbmVzdGVkIjogIl42LjIuMCIsCiAgICAgICAgInBvc3Rjc3Mtc2VsZWN0b3ItcGFyc2VyIjogIl42LjEuMiIsCiAgICAgICAgInJlc29sdmUiOiAiXjEuMjIuOCIsCiAgICAgICAgInN1Y3Jhc2UiOiAiXjMuMzUuMCIKICAgICAgfSwKICAgICAgImJpbiI6IHsKICAgICAgICAidGFpbHdpbmQiOiAibGliL2NsaS5qcyIsCiAgICAgICAgInRhaWx3aW5kY3NzIjogImxpYi9jbGkuanMiCiAgICAgIH0sCiAgICAgICJlbmdpbmVzIjogewogICAgICAgICJub2RlIjogIj49MTQuMC4wIgogICAgICB9CiAgICB9LAogICAgIm5vZGVfbW9kdWxlcy90aGVuaWZ5IjogewogICAgICAidmVyc2lvbiI6ICIzLjMuMSIsCiAgICAgICJyZXNvbHZlZCI6ICJodHRwczovL3JlZ2lzdHJ5Lm5wbWpzLm9yZy90aGVuaWZ5Ly0vdGhlbmlmeS0zLjMuMS50Z3oiLAogICAgICAiaW50ZWdyaXR5IjogInNoYTUxMi1SVlpTSVY1SUcxMEhrM2Vub3RyaHZ6MFQ5ZW02Y3lIQkxrSC9ZQVp1S3FkOGhSa0toU2ZDR0ljUDJLVVkwRVB4bmR6QU5CbU5sbHpXUHdhaytiaGVTdz09IiwKICAgICAgImRldiI6IHRydWUsCiAgICAgICJsaWNlbnNlIjogIk1JVCIsCiAgICAgICJkZXBlbmRlbmNpZXMiOiB7CiAgICAgICAgImFueS1wcm9taXNlIjogIl4xLjAuMCIKICAgICAgfQogICAgfSwKICAgICJub2RlX21vZHVsZXMvdGhlbmlmeS1hbGwiOiB7CiAgICAgICJ2ZXJzaW9uIjogIjEuNi4wIiwKICAgICAgInJlc29sdmVkIjogImh0dHBzOi8vcmVnaXN0cnkubnBtanMub3JnL3RoZW5pZnktYWxsLy0vdGhlbmlmeS1hbGwtMS42LjAudGd6IiwKICAgICAgImludGVncml0eSI6ICJzaGE1MTItUk54UUgvcUk4L3QzdGhYSkR3Y3N0VU80emVxbzY0K1V5LytzTlZSQng0WG4yT1grT1o5b1AraUpuTkZxcGxGcmEyWlVWZUtDU2Eyb1ZXaTNUNHVWbUE9PSIsCiAgICAgICJkZXYiOiB0cnVlLAogICAgICAibGljZW5zZSI6ICJNSVQiLAogICAgICAiZGVwZW5kZW5jaWVzIjogewogICAgICAgICJ0aGVuaWZ5IjogIj49IDMuMS4wIDwgNCIKICAgICAgfSwKICAgICAgImVuZ2luZXMiOiB7CiAgICAgICAgIm5vZGUiOiAiPj0wLjgiCiAgICAgIH0KICAgIH0sCiAgICAibm9kZV9tb2R1bGVzL3RpbnlnbG9iYnkiOiB7CiAgICAgICJ2ZXJzaW9uIjogIjAuMi4xNyIsCiAgICAgICJyZXNvbHZlZCI6ICJodHRwczovL3JlZ2lzdHJ5Lm5wbWpzLm9yZy90aW55Z2xvYmJ5Ly0vdGlueWdsb2JieS0wLjIuMTcudGd6IiwKICAgICAgImludGVncml0eSI6ICJzaGE1MTItd1hSL2RZcGNxS21mV3BFZFpqaUtKT3dDTkZuZEQwRE1uclcvY1lqVkd0dEVrQmZWZ2NMRkhvTnJsajQ3bWpPVmljOXl5TnU2NWFsc2dGNE5ReVRhMmc9PSIsCiAgICAgICJkZXYiOiB0cnVlLAogICAgICAibGljZW5zZSI6ICJNSVQiLAogICAgICAiZGVwZW5kZW5jaWVzIjogewogICAgICAgICJmZGlyIjogIl42LjUuMCIsCiAgICAgICAgInBpY29tYXRjaCI6ICJeNC4wLjQiCiAgICAgIH0sCiAgICAgICJlbmdpbmVzIjogewogICAgICAgICJub2RlIjogIj49MTIuMC4wIgogICAgICB9LAogICAgICAiZnVuZGluZyI6IHsKICAgICAgICAidXJsIjogImh0dHBzOi8vZ2l0aHViLmNvbS9zcG9uc29ycy9TdXBlcmNodXB1RGV2IgogICAgICB9CiAgICB9LAogICAgIm5vZGVfbW9kdWxlcy90aW55Z2xvYmJ5L25vZGVfbW9kdWxlcy9mZGlyIjogewogICAgICAidmVyc2lvbiI6ICI2LjUuMCIsCiAgICAgICJyZXNvbHZlZCI6ICJodHRwczovL3JlZ2lzdHJ5Lm5wbWpzLm9yZy9mZGlyLy0vZmRpci02LjUuMC50Z3oiLAogICAgICAiaW50ZWdyaXR5IjogInNoYTUxMi10SWJZdFpidWNPczBCUkdxUEprc2hKVVlkTCtTREg3ZFZNOGdqeStFUnAzV0FVakxFRkpFKzAya2FueUh0d2pXT253cktZQml3QW1NMHA0a0xKQW5YZz09IiwKICAgICAgImRldiI6IHRydWUsCiAgICAgICJsaWNlbnNlIjogIk1JVCIsCiAgICAgICJlbmdpbmVzIjogewogICAgICAgICJub2RlIjogIj49MTIuMC4wIgogICAgICB9LAogICAgICAicGVlckRlcGVuZGVuY2llcyI6IHsKICAgICAgICAicGljb21hdGNoIjogIl4zIHx8IF40IgogICAgICB9LAogICAgICAicGVlckRlcGVuZGVuY2llc01ldGEiOiB7CiAgICAgICAgInBpY29tYXRjaCI6IHsKICAgICAgICAgICJvcHRpb25hbCI6IHRydWUKICAgICAgICB9CiAgICAgIH0KICAgIH0sCiAgICAibm9kZV9tb2R1bGVzL3RpbnlnbG9iYnkvbm9kZV9tb2R1bGVzL3BpY29tYXRjaCI6IHsKICAgICAgInZlcnNpb24iOiAiNC4wLjUiLAogICAgICAicmVzb2x2ZWQiOiAiaHR0cHM6Ly9yZWdpc3RyeS5ucG1qcy5vcmcvcGljb21hdGNoLy0vcGljb21hdGNoLTQuMC41LnRneiIsCiAgICAgICJpbnRlZ3JpdHkiOiAic2hhNTEyLVJ2d3djcnVOakkxbmNUNXhSYWtleVM5TGY4bGNJdHYzNEtEK2FpZitWSDlrZHVBeWZZQmlwR2gxMjI3NHh0ZW5JUFoxMTkvUjlCZFRCYThnQXdTaDBBPT0iLAogICAgICAiZGV2IjogdHJ1ZSwKICAgICAgImxpY2Vuc2UiOiAiTUlUIiwKICAgICAgImVuZ2luZXMiOiB7CiAgICAgICAgIm5vZGUiOiAiPj0xMiIKICAgICAgfSwKICAgICAgImZ1bmRpbmciOiB7CiAgICAgICAgInVybCI6ICJodHRwczovL2dpdGh1Yi5jb20vc3BvbnNvcnMvam9uc2NobGlua2VydCIKICAgICAgfQogICAgfSwKICAgICJub2RlX21vZHVsZXMvdG8tcmVnZXgtcmFuZ2UiOiB7CiAgICAgICJ2ZXJzaW9uIjogIjUuMC4xIiwKICAgICAgInJlc29sdmVkIjogImh0dHBzOi8vcmVnaXN0cnkubnBtanMub3JnL3RvLXJlZ2V4LXJhbmdlLy0vdG8tcmVnZXgtcmFuZ2UtNS4wLjEudGd6IiwKICAgICAgImludGVncml0eSI6ICJzaGE1MTItNjVQN2l6Nlg1eUVyMWN3Y2d2UXhiYkl3N1VrM2dPeTVkSWR0WjRyRHZlTHFocmRKUCtMaS9IeDZ0eUswTkViKzJHQ3luZUNNSmlHcXJBRENTTms4c1E9PSIsCiAgICAgICJkZXYiOiB0cnVlLAogICAgICAibGljZW5zZSI6ICJNSVQiLAogICAgICAiZGVwZW5kZW5jaWVzIjogewogICAgICAgICJpcy1udW1iZXIiOiAiXjcuMC4wIgogICAgICB9LAogICAgICAiZW5naW5lcyI6IHsKICAgICAgICAibm9kZSI6ICI+PTguMCIKICAgICAgfQogICAgfSwKICAgICJub2RlX21vZHVsZXMvdHMtaW50ZXJmYWNlLWNoZWNrZXIiOiB7CiAgICAgICJ2ZXJzaW9uIjogIjAuMS4xMyIsCiAgICAgICJyZXNvbHZlZCI6ICJodHRwczovL3JlZ2lzdHJ5Lm5wbWpzLm9yZy90cy1pbnRlcmZhY2UtY2hlY2tlci8tL3RzLWludGVyZmFjZS1jaGVja2VyLTAuMS4xMy50Z3oiLAogICAgICAiaW50ZWdyaXR5IjogInNoYTUxMi1ZL2FydmJuK3JyejNKQ0tsOUM0a1ZOZlRmU20yL21FcDVGU3o1RXNaU0FOR1BTbFFycFJJNU00UEtGK21KbkU1MmpPTzkwUG5QU2MzVXIzYlRRdzBnQT09IiwKICAgICAgImRldiI6IHRydWUsCiAgICAgICJsaWNlbnNlIjogIkFwYWNoZS0yLjAiCiAgICB9LAogICAgIm5vZGVfbW9kdWxlcy91bmRlcnNjb3JlIjogewogICAgICAidmVyc2lvbiI6ICIxLjEzLjgiLAogICAgICAicmVzb2x2ZWQiOiAiaHR0cHM6Ly9yZWdpc3RyeS5ucG1qcy5vcmcvdW5kZXJzY29yZS8tL3VuZGVyc2NvcmUtMS4xMy44LnRneiIsCiAgICAgICJpbnRlZ3JpdHkiOiAic2hhNTEyLURYdEQzWnRFUXpjN004bTRjWG90eUhSK0ZBUzE4QzY0YXNCWVk1dnFaZXhmWXJ5Tk5uRGMwMlc0aEtnM3JkUXVxT1lhczFqa3NlWDArblpYalRYbnZRPT0iLAogICAgICAibGljZW5zZSI6ICJNSVQiCiAgICB9LAogICAgIm5vZGVfbW9kdWxlcy91cGRhdGUtYnJvd3NlcnNsaXN0LWRiIjogewogICAgICAidmVyc2lvbiI6ICIxLjIuMyIsCiAgICAgICJyZXNvbHZlZCI6ICJodHRwczovL3JlZ2lzdHJ5Lm5wbWpzLm9yZy91cGRhdGUtYnJvd3NlcnNsaXN0LWRiLy0vdXBkYXRlLWJyb3dzZXJzbGlzdC1kYi0xLjIuMy50Z3oiLAogICAgICAiaW50ZWdyaXR5IjogInNoYTUxMi1KczBtOWN4K3FPZ0R4bzBlTWlGR0V1ZVd6dHorZDQrTTNyR2xtS1BUK1Q0SVMvalA0eWx3M053cHU2Y3BUVFA4UjFNQUMxa0Y0VmJkTHQzQVJmMjA5dz09IiwKICAgICAgImZ1bmRpbmciOiBbCiAgICAgICAgewogICAgICAgICAgInR5cGUiOiAib3BlbmNvbGxlY3RpdmUiLAogICAgICAgICAgInVybCI6ICJodHRwczovL29wZW5jb2xsZWN0aXZlLmNvbS9icm93c2Vyc2xpc3QiCiAgICAgICAgfSwKICAgICAgICB7CiAgICAgICAgICAidHlwZSI6ICJ0aWRlbGlmdCIsCiAgICAgICAgICAidXJsIjogImh0dHBzOi8vdGlkZWxpZnQuY29tL2Z1bmRpbmcvZ2l0aHViL25wbS9icm93c2Vyc2xpc3QiCiAgICAgICAgfSwKICAgICAgICB7CiAgICAgICAgICAidHlwZSI6ICJnaXRodWIiLAogICAgICAgICAgInVybCI6ICJodHRwczovL2dpdGh1Yi5jb20vc3BvbnNvcnMvYWkiCiAgICAgICAgfQogICAgICBdLAogICAgICAibGljZW5zZSI6ICJNSVQiLAogICAgICAiZGVwZW5kZW5jaWVzIjogewogICAgICAgICJlc2NhbGFkZSI6ICJeMy4yLjAiLAogICAgICAgICJwaWNvY29sb3JzIjogIl4xLjEuMSIKICAgICAgfSwKICAgICAgImJpbiI6IHsKICAgICAgICAidXBkYXRlLWJyb3dzZXJzbGlzdC1kYiI6ICJjbGkuanMiCiAgICAgIH0sCiAgICAgICJwZWVyRGVwZW5kZW5jaWVzIjogewogICAgICAgICJicm93c2Vyc2xpc3QiOiAiPj0gNC4yMS4wIgogICAgICB9CiAgICB9LAogICAgIm5vZGVfbW9kdWxlcy91dGlsLWRlcHJlY2F0ZSI6IHsKICAgICAgInZlcnNpb24iOiAiMS4wLjIiLAogICAgICAicmVzb2x2ZWQiOiAiaHR0cHM6Ly9yZWdpc3RyeS5ucG1qcy5vcmcvdXRpbC1kZXByZWNhdGUvLS91dGlsLWRlcHJlY2F0ZS0xLjAuMi50Z3oiLAogICAgICAiaW50ZWdyaXR5IjogInNoYTUxMi1FUEQ1cTF1WHlGeEpwQ3JMbkNjMW5IbnEzZ09hNkRaQm9jQUlpSTJUYVNDQTdWQ0oxVUpETWFnQ3pJa1hOc1VZZkQxZGFLLy9MVEVROHhpSWJySHRjdz09IiwKICAgICAgImxpY2Vuc2UiOiAiTUlUIgogICAgfSwKICAgICJub2RlX21vZHVsZXMvdml0ZSI6IHsKICAgICAgInZlcnNpb24iOiAiNS40LjE0IiwKICAgICAgInJlc29sdmVkIjogImh0dHBzOi8vcmVnaXN0cnkubnBtanMub3JnL3ZpdGUvLS92aXRlLTUuNC4xNC50Z3oiLAogICAgICAiaW50ZWdyaXR5IjogInNoYTUxMi1FSzVjWTdRMUQ4Sk5oU2FQS1ZLNHB3QkZ2YVRtWnhFbm9LWExHL1U5Z21kRGNpaFFHTnpGbGdJdmF4ZXpGUjRnbFAxTHN1aWVkd01CcUNYSDN3WmNjQT09IiwKICAgICAgImxpY2Vuc2UiOiAiTUlUIiwKICAgICAgImRlcGVuZGVuY2llcyI6IHsKICAgICAgICAiZXNidWlsZCI6ICJeMC4yMS4zIiwKICAgICAgICAicG9zdGNzcyI6ICJeOC40LjQzIiwKICAgICAgICAicm9sbHVwIjogIl40LjIwLjAiCiAgICAgIH0sCiAgICAgICJiaW4iOiB7CiAgICAgICAgInZpdGUiOiAiYmluL3ZpdGUuanMiCiAgICAgIH0sCiAgICAgICJlbmdpbmVzIjogewogICAgICAgICJub2RlIjogIl4xOC4wLjAgfHwgPj0yMC4wLjAiCiAgICAgIH0sCiAgICAgICJmdW5kaW5nIjogewogICAgICAgICJ1cmwiOiAiaHR0cHM6Ly9naXRodWIuY29tL3ZpdGVqcy92aXRlP3Nwb25zb3I9MSIKICAgICAgfSwKICAgICAgIm9wdGlvbmFsRGVwZW5kZW5jaWVzIjogewogICAgICAgICJmc2V2ZW50cyI6ICJ+Mi4zLjMiCiAgICAgIH0sCiAgICAgICJwZWVyRGVwZW5kZW5jaWVzIjogewogICAgICAgICJAdHlwZXMvbm9kZSI6ICJeMTguMC4wIHx8ID49MjAuMC4wIiwKICAgICAgICAibGVzcyI6ICIqIiwKICAgICAgICAibGlnaHRuaW5nY3NzIjogIl4xLjIxLjAiLAogICAgICAgICJzYXNzIjogIioiLAogICAgICAgICJzYXNzLWVtYmVkZGVkIjogIioiLAogICAgICAgICJzdHlsdXMiOiAiKiIsCiAgICAgICAgInN1Z2Fyc3MiOiAiKiIsCiAgICAgICAgInRlcnNlciI6ICJeNS40LjAiCiAgICAgIH0sCiAgICAgICJwZWVyRGVwZW5kZW5jaWVzTWV0YSI6IHsKICAgICAgICAiQHR5cGVzL25vZGUiOiB7CiAgICAgICAgICAib3B0aW9uYWwiOiB0cnVlCiAgICAgICAgfSwKICAgICAgICAibGVzcyI6IHsKICAgICAgICAgICJvcHRpb25hbCI6IHRydWUKICAgICAgICB9LAogICAgICAgICJsaWdodG5pbmdjc3MiOiB7CiAgICAgICAgICAib3B0aW9uYWwiOiB0cnVlCiAgICAgICAgfSwKICAgICAgICAic2FzcyI6IHsKICAgICAgICAgICJvcHRpb25hbCI6IHRydWUKICAgICAgICB9LAogICAgICAgICJzYXNzLWVtYmVkZGVkIjogewogICAgICAgICAgIm9wdGlvbmFsIjogdHJ1ZQogICAgICAgIH0sCiAgICAgICAgInN0eWx1cyI6IHsKICAgICAgICAgICJvcHRpb25hbCI6IHRydWUKICAgICAgICB9LAogICAgICAgICJzdWdhcnNzIjogewogICAgICAgICAgIm9wdGlvbmFsIjogdHJ1ZQogICAgICAgIH0sCiAgICAgICAgInRlcnNlciI6IHsKICAgICAgICAgICJvcHRpb25hbCI6IHRydWUKICAgICAgICB9CiAgICAgIH0KICAgIH0sCiAgICAibm9kZV9tb2R1bGVzL3htbGJ1aWxkZXIiOiB7CiAgICAgICJ2ZXJzaW9uIjogIjEwLjEuMSIsCiAgICAgICJyZXNvbHZlZCI6ICJodHRwczovL3JlZ2lzdHJ5Lm5wbWpzLm9yZy94bWxidWlsZGVyLy0veG1sYnVpbGRlci0xMC4xLjEudGd6IiwKICAgICAgImludGVncml0eSI6ICJzaGE1MTItT3l6cmNGTEwvbmI2Zk1HSGJpUkR1UHVwOWxqQnljc2RDeXB3dXlnNUFBSHZ5V3pHZkNoSnBDWE1HODhBR1RJTUZoR1o5UmNjRk4xZTZsaGczaGt3S2c9PSIsCiAgICAgICJsaWNlbnNlIjogIk1JVCIsCiAgICAgICJlbmdpbmVzIjogewogICAgICAgICJub2RlIjogIj49NC4wIgogICAgICB9CiAgICB9LAogICAgIm5vZGVfbW9kdWxlcy95YWxsaXN0IjogewogICAgICAidmVyc2lvbiI6ICIzLjEuMSIsCiAgICAgICJyZXNvbHZlZCI6ICJodHRwczovL3JlZ2lzdHJ5Lm5wbWpzLm9yZy95YWxsaXN0Ly0veWFsbGlzdC0zLjEuMS50Z3oiLAogICAgICAiaW50ZWdyaXR5IjogInNoYTUxMi1hNFVHUWFXUEg1OW1PWFVZbkFHMmV3bmNRUzRpNEY0M1R2M0pvQU0rczJWREFtUzlOc0s4R3BETUxyQ0hQa3NGVDdoM0s2VE9vVU5uMnBiN1JvWHg0Zz09IiwKICAgICAgImxpY2Vuc2UiOiAiSVNDIgogICAgfSwKICAgICJub2RlX21vZHVsZXMveWFtbCI6IHsKICAgICAgInZlcnNpb24iOiAiMi45LjAiLAogICAgICAicmVzb2x2ZWQiOiAiaHR0cHM6Ly9yZWdpc3RyeS5ucG1qcy5vcmcveWFtbC8tL3lhbWwtMi45LjAudGd6IiwKICAgICAgImludGVncml0eSI6ICJzaGE1MTItMkF2aE5YM21iOHpkNlp5N0lOVHRTcGwxRjE1SFc2V25xajBzcldsa0tMY3BZbC9nTUlNSml5dUdxMktlSTJZRnhVUGpkbEIrM0xjMTBzZU1MdEw0Y0E9PSIsCiAgICAgICJkZXYiOiB0cnVlLAogICAgICAibGljZW5zZSI6ICJJU0MiLAogICAgICAiYmluIjogewogICAgICAgICJ5YW1sIjogImJpbi5tanMiCiAgICAgIH0sCiAgICAgICJlbmdpbmVzIjogewogICAgICAgICJub2RlIjogIj49IDE0LjYiCiAgICAgIH0sCiAgICAgICJmdW5kaW5nIjogewogICAgICAgICJ1cmwiOiAiaHR0cHM6Ly9naXRodWIuY29tL3Nwb25zb3JzL2VlbWVsaSIKICAgICAgfQogICAgfQogIH0KfQo=